
Microsoft Visual Studio Solution File, Format Version 12.00
# Visual Studio Version 17
VisualStudioVersion = 17.6.33417.168
MinimumVisualStudioVersion = 10.0.40219.1
Project("{FAE04EC0-301F-11D3-BF4B-00C04F79EFBC}") = "MvcApp", "MvcApp.csproj", "{16C367EC-88EC-4853-864C-D67224FF71DE}"
EndProject
Global
	GlobalSection(SolutionConfigurationPlatforms) = preSolution
		Debug|Any CPU = Debug|Any CPU
		Release|Any CPU = Release|Any CPU
	EndGlobalSection
	GlobalSection(ProjectConfigurationPlatforms) = postSolution
		{16C367EC-88EC-4853-864C-D67224FF71DE}.Debug|Any CPU.ActiveCfg = Debug|Any CPU
		{16C367EC-88EC-4853-864C-D67224FF71DE}.Debug|Any CPU.Build.0 = Debug|Any CPU
		{16C367EC-88EC-4853-864C-D67224FF71DE}.Release|Any CPU.ActiveCfg = Release|Any CPU
		{16C367EC-88EC-4853-864C-D67224FF71DE}.Release|Any CPU.Build.0 = Release|Any CPU
	EndGlobalSection
	GlobalSection(SolutionProperties) = preSolution
		HideSolutionNode = FALSE
	EndGlobalSection
	GlobalSection(ExtensibilityGlobals) = postSolution
		SolutionGuid = {4700AB57-1188-455E-9F85-253CA3BD8428}
	EndGlobalSection
EndGlobal
